
Microsoft Visual Studio Solution File, Format Version 12.00
# Visual Studio Version 17
VisualStudioVersion = 17.2.32616.157
MinimumVisualStudioVersion = 10.0.40219.1
Project("{9A19103F-16F7-4668-BE54-9A1E7A4F7556}") = "API", "API\API.csproj", "{07A0BFB6-B2A6-48AB-91CF-3DAAFDCA8D62}"
EndProject
Project("{9A19103F-16F7-4668-BE54-9A1E7A4F7556}") = "Data", "Data\Data.csproj", "{7422CDA5-DD42-45E6-9A33-50CE570CBA77}"
EndProject
Project("{9A19103F-16F7-4668-BE54-9A1E7A4F7556}") = "BLL", "BLL\BLL.csproj", "{E8DAEB1C-77F2-4E65-98D6-D61AB14772B1}"
EndProject
Project("{2150E333-8FDC-42A3-9474-1A3956D46DE8}") = "Solution Items", "Solution Items", "{EF827E81-DFDF-4B0F-9064-DF75DFE86F29}"
	ProjectSection(SolutionItems) = preProject
		.editorconfig = .editorconfig
	EndProjectSection
EndProject
Global
	GlobalSection(SolutionConfigurationPlatforms) = preSolution
		Debug|Any CPU = Debug|Any CPU
		Release|Any CPU = Release|Any CPU
	EndGlobalSection
	GlobalSection(ProjectConfigurationPlatforms) = postSolution
		{07A0BFB6-B2A6-48AB-91CF-3DAAFDCA8D62}.Debug|Any CPU.ActiveCfg = Debug|Any CPU
		{07A0BFB6-B2A6-48AB-91CF-3DAAFDCA8D62}.Debug|Any CPU.Build.0 = Debug|Any CPU
		{07A0BFB6-B2A6-48AB-91CF-3DAAFDCA8D62}.Release|Any CPU.ActiveCfg = Release|Any CPU
		{07A0BFB6-B2A6-48AB-91CF-3DAAFDCA8D62}.Release|Any CPU.Build.0 = Release|Any CPU
		{7422CDA5-DD42-45E6-9A33-50CE570CBA77}.Debug|Any CPU.ActiveCfg = Debug|Any CPU
		{7422CDA5-DD42-45E6-9A33-50CE570CBA77}.Debug|Any CPU.Build.0 = Debug|Any CPU
		{7422CDA5-DD42-45E6-9A33-50CE570CBA77}.Release|Any CPU.ActiveCfg = Release|Any CPU
		{7422CDA5-DD42-45E6-9A33-50CE570CBA77}.Release|Any CPU.Build.0 = Release|Any CPU
		{E8DAEB1C-77F2-4E65-98D6-D61AB14772B1}.Debug|Any CPU.ActiveCfg = Debug|Any CPU
		{E8DAEB1C-77F2-4E65-98D6-D61AB14772B1}.Debug|Any CPU.Build.0 = Debug|Any CPU
		{E8DAEB1C-77F2-4E65-98D6-D61AB14772B1}.Release|Any CPU.ActiveCfg = Release|Any CPU
		{E8DAEB1C-77F2-4E65-98D6-D61AB14772B1}.Release|Any CPU.Build.0 = Release|Any CPU
	EndGlobalSection
	GlobalSection(SolutionProperties) = preSolution
		HideSolutionNode = FALSE
	EndGlobalSection
	GlobalSection(ExtensibilityGlobals) = postSolution
		SolutionGuid = {2F5FE549-C034-41D7-B001-61BE3375675D}
	EndGlobalSection
EndGlobal
